
Microsoft Visual Studio Solution File, Format Version 12.00
# Visual Studio 15
VisualStudioVersion = 15.0.27130.2036
MinimumVisualStudioVersion = 10.0.40219.1
Project("{FAE04EC0-301F-11D3-BF4B-00C04F79EFBC}") = "GitHubAuthentication", "GitHubAuthentication\GitHubAuthentication.csproj", "{5E86E82B-8340-45C1-8B1D-C02D8437D907}"
EndProject
Global
	GlobalSection(SolutionConfigurationPlatforms) = preSolution
		Debug|Any CPU = Debug|Any CPU
		Release|Any CPU = Release|Any CPU
	EndGlobalSection
	GlobalSection(ProjectConfigurationPlatforms) = postSolution
		{5E86E82B-8340-45C1-8B1D-C02D8437D907}.Debug|Any CPU.ActiveCfg = Debug|Any CPU
		{5E86E82B-8340-45C1-8B1D-C02D8437D907}.Debug|Any CPU.Build.0 = Debug|Any CPU
		{5E86E82B-8340-45C1-8B1D-C02D8437D907}.Release|Any CPU.ActiveCfg = Release|Any CPU
		{5E86E82B-8340-45C1-8B1D-C02D8437D907}.Release|Any CPU.Build.0 = Release|Any CPU
	EndGlobalSection
	GlobalSection(SolutionProperties) = preSolution
		HideSolutionNode = FALSE
	EndGlobalSection
	GlobalSection(ExtensibilityGlobals) = postSolution
		SolutionGuid = {212134BE-78DE-45EB-B434-6DF538209EA2}
	EndGlobalSection
EndGlobal
